// !$*UTF8*$!
{
	archiveVersion = 1;
	classes = {
	};
	objectVersion = 46;
	objects = {

/* Begin PBXBuildFile section */
		1FC680BA231DA0F000F6F5F3 /* GoogleService-Info.plist in Resources */ = {isa = PBXBuildFile; fileRef = 1FC680B9231DA0EF00F6F5F3 /* GoogleService-Info.plist */; };
		3E170DE8B54C46387AB47537 /* libPods-pig.a in Frameworks */ = {isa = PBXBuildFile; fileRef = 802887CD27DA4D870A3FE602 /* libPods-pig.a */; };
		521808851885DE58005881D5 /* SystemConfiguration.framework in Frameworks */ = {isa = PBXBuildFile; fileRef = 521808841885DE58005881D5 /* SystemConfiguration.framework */; };
		521808871885DE62005881D5 /* AdSupport.framework in Frameworks */ = {isa = PBXBuildFile; fileRef = 521808861885DE62005881D5 /* AdSupport.framework */; };
		5223162917D3BEF200F495E6 /* PIGMotionEffect.m in Sources */ = {isa = PBXBuildFile; fileRef = 5223162817D3BEF200F495E6 /* PIGMotionEffect.m */; };
		5223162D17D56E7A00F495E6 /* UIColor+PIGCustomColors.m in Sources */ = {isa = PBXBuildFile; fileRef = 5223162C17D56E7A00F495E6 /* UIColor+PIGCustomColors.m */; };
		5245623B17E0510E00F73533 /* PIGMoreTableViewController.m in Sources */ = {isa = PBXBuildFile; fileRef = 5245623A17E0510E00F73533 /* PIGMoreTableViewController.m */; };
		525FD63717CC726000BE7E07 /* Foundation.framework in Frameworks */ = {isa = PBXBuildFile; fileRef = 525FD63617CC726000BE7E07 /* Foundation.framework */; };
		525FD63917CC726000BE7E07 /* CoreGraphics.framework in Frameworks */ = {isa = PBXBuildFile; fileRef = 525FD63817CC726000BE7E07 /* CoreGraphics.framework */; };
		525FD63B17CC726000BE7E07 /* UIKit.framework in Frameworks */ = {isa = PBXBuildFile; fileRef = 525FD63A17CC726000BE7E07 /* UIKit.framework */; };
		525FD64117CC726000BE7E07 /* InfoPlist.strings in Resources */ = {isa = PBXBuildFile; fileRef = 525FD63F17CC726000BE7E07 /* InfoPlist.strings */; };
		525FD64317CC726000BE7E07 /* main.m in Sources */ = {isa = PBXBuildFile; fileRef = 525FD64217CC726000BE7E07 /* main.m */; };
		525FD64717CC726000BE7E07 /* PIGAppDelegate.m in Sources */ = {isa = PBXBuildFile; fileRef = 525FD64617CC726000BE7E07 /* PIGAppDelegate.m */; };
		525FD64A17CC726000BE7E07 /* Main.storyboard in Resources */ = {isa = PBXBuildFile; fileRef = 525FD64817CC726000BE7E07 /* Main.storyboard */; };
		525FD64D17CC726000BE7E07 /* PIGViewController.m in Sources */ = {isa = PBXBuildFile; fileRef = 525FD64C17CC726000BE7E07 /* PIGViewController.m */; };
		525FD64F17CC726000BE7E07 /* Images.xcassets in Resources */ = {isa = PBXBuildFile; fileRef = 525FD64E17CC726000BE7E07 /* Images.xcassets */; };
		525FD65617CC726000BE7E07 /* XCTest.framework in Frameworks */ = {isa = PBXBuildFile; fileRef = 525FD65517CC726000BE7E07 /* XCTest.framework */; };
		525FD65717CC726000BE7E07 /* Foundation.framework in Frameworks */ = {isa = PBXBuildFile; fileRef = 525FD63617CC726000BE7E07 /* Foundation.framework */; };
		525FD65817CC726000BE7E07 /* UIKit.framework in Frameworks */ = {isa = PBXBuildFile; fileRef = 525FD63A17CC726000BE7E07 /* UIKit.framework */; };
		525FD66017CC726000BE7E07 /* InfoPlist.strings in Resources */ = {isa = PBXBuildFile; fileRef = 525FD65E17CC726000BE7E07 /* InfoPlist.strings */; };
		525FD66217CC726000BE7E07 /* pigTests.m in Sources */ = {isa = PBXBuildFile; fileRef = 525FD66117CC726000BE7E07 /* pigTests.m */; };
		525FD68A17CC887B00BE7E07 /* PIGHomeViewController.m in Sources */ = {isa = PBXBuildFile; fileRef = 525FD68917CC887B00BE7E07 /* PIGHomeViewController.m */; };
		525FD69017CC908D00BE7E07 /* AudioToolbox.framework in Frameworks */ = {isa = PBXBuildFile; fileRef = 525FD68F17CC908D00BE7E07 /* AudioToolbox.framework */; };
		52640E9117E84AAD00A64624 /* PIGUpgradeViewController.m in Sources */ = {isa = PBXBuildFile; fileRef = 52640E9017E84AAD00A64624 /* PIGUpgradeViewController.m */; };
		52640E9417E984B600A64624 /* UINavigationController+PIGCustomNavigationController.m in Sources */ = {isa = PBXBuildFile; fileRef = 52640E9317E984B600A64624 /* UINavigationController+PIGCustomNavigationController.m */; };
		52640E9B17E9AB4B00A64624 /* PIGMultiplayerCell.m in Sources */ = {isa = PBXBuildFile; fileRef = 52640E9A17E9AB4B00A64624 /* PIGMultiplayerCell.m */; };
		5280427A17DA66070093C4AB /* GCHelper.m in Sources */ = {isa = PBXBuildFile; fileRef = 5280427917DA66070093C4AB /* GCHelper.m */; };
		5280427C17DA67B00093C4AB /* GameKit.framework in Frameworks */ = {isa = PBXBuildFile; fileRef = 5280427B17DA67B00093C4AB /* GameKit.framework */; };
		5280428117DA976E0093C4AB /* PIGGCHelper.m in Sources */ = {isa = PBXBuildFile; fileRef = 5280428017DA976E0093C4AB /* PIGGCHelper.m */; };
		52B3E2EF17E03C81009C72DC /* PIGMoreViewController.m in Sources */ = {isa = PBXBuildFile; fileRef = 52B3E2EE17E03C81009C72DC /* PIGMoreViewController.m */; };
		52D0CBF417E5201B003E46A2 /* PIGMultiplayerViewController.m in Sources */ = {isa = PBXBuildFile; fileRef = 52D0CBF317E5201B003E46A2 /* PIGMultiplayerViewController.m */; };
		52E4126217D00CF400F75335 /* IAPHelper.m in Sources */ = {isa = PBXBuildFile; fileRef = 52E4126117D00CF400F75335 /* IAPHelper.m */; };
		52E4126517D00D8700F75335 /* PIGIAPHelper.m in Sources */ = {isa = PBXBuildFile; fileRef = 52E4126417D00D8700F75335 /* PIGIAPHelper.m */; };
		52E4126C17D0125E00F75335 /* Reachability.m in Sources */ = {isa = PBXBuildFile; fileRef = 52E4126B17D0125E00F75335 /* Reachability.m */; };
		52E4126F17D0132E00F75335 /* PIGRulesViewController.m in Sources */ = {isa = PBXBuildFile; fileRef = 52E4126E17D0132E00F75335 /* PIGRulesViewController.m */; };
		EA59AB30ED4CB65118041AE2 /* libPods-pigTests.a in Frameworks */ = {isa = PBXBuildFile; fileRef = 9B17A6E08DD19503ABD28DC5 /* libPods-pigTests.a */; };
/* End PBXBuildFile section */

/* Begin PBXContainerItemProxy section */
		525FD65917CC726000BE7E07 /* PBXContainerItemProxy */ = {
			isa = PBXContainerItemProxy;
			containerPortal = 525FD62B17CC726000BE7E07 /* Project object */;
			proxyType = 1;
			remoteGlobalIDString = 525FD63217CC726000BE7E07;
			remoteInfo = pig;
		};
/* End PBXContainerItemProxy section */

/* Begin PBXFileReference section */
		1FC680B9231DA0EF00F6F5F3 /* GoogleService-Info.plist */ = {isa = PBXFileReference; fileEncoding = 4; lastKnownFileType = text.plist.xml; path = "GoogleService-Info.plist"; sourceTree = "<group>"; };
		1FC680BB231DAC4C00F6F5F3 /* libsqlite3.tbd */ = {isa = PBXFileReference; lastKnownFileType = "sourcecode.text-based-dylib-definition"; name = libsqlite3.tbd; path = usr/lib/libsqlite3.tbd; sourceTree = SDKROOT; };
		1FC680BD231DAC5A00F6F5F3 /* libz.tbd */ = {isa = PBXFileReference; lastKnownFileType = "sourcecode.text-based-dylib-definition"; name = libz.tbd; path = usr/lib/libz.tbd; sourceTree = SDKROOT; };
		1FC680BF231DAC6900F6F5F3 /* libc++.tbd */ = {isa = PBXFileReference; lastKnownFileType = "sourcecode.text-based-dylib-definition"; name = "libc++.tbd"; path = "usr/lib/libc++.tbd"; sourceTree = SDKROOT; };
		521808841885DE58005881D5 /* SystemConfiguration.framework */ = {isa = PBXFileReference; lastKnownFileType = wrapper.framework; name = SystemConfiguration.framework; path = System/Library/Frameworks/SystemConfiguration.framework; sourceTree = SDKROOT; };
		521808861885DE62005881D5 /* AdSupport.framework */ = {isa = PBXFileReference; lastKnownFileType = wrapper.framework; name = AdSupport.framework; path = System/Library/Frameworks/AdSupport.framework; sourceTree = SDKROOT; };
		5223162717D3BEF200F495E6 /* PIGMotionEffect.h */ = {isa = PBXFileReference; fileEncoding = 4; lastKnownFileType = sourcecode.c.h; path = PIGMotionEffect.h; sourceTree = "<group>"; };
		5223162817D3BEF200F495E6 /* PIGMotionEffect.m */ = {isa = PBXFileReference; fileEncoding = 4; lastKnownFileType = sourcecode.c.objc; path = PIGMotionEffect.m; sourceTree = "<group>"; };
		5223162B17D56E7A00F495E6 /* UIColor+PIGCustomColors.h */ = {isa = PBXFileReference; fileEncoding = 4; lastKnownFileType = sourcecode.c.h; path = "UIColor+PIGCustomColors.h"; sourceTree = "<group>"; };
		5223162C17D56E7A00F495E6 /* UIColor+PIGCustomColors.m */ = {isa = PBXFileReference; fileEncoding = 4; lastKnownFileType = sourcecode.c.objc; path = "UIColor+PIGCustomColors.m"; sourceTree = "<group>"; };
		5245623917E0510E00F73533 /* PIGMoreTableViewController.h */ = {isa = PBXFileReference; fileEncoding = 4; lastKnownFileType = sourcecode.c.h; path = PIGMoreTableViewController.h; sourceTree = "<group>"; };
		5245623A17E0510E00F73533 /* PIGMoreTableViewController.m */ = {isa = PBXFileReference; fileEncoding = 4; lastKnownFileType = sourcecode.c.objc; path = PIGMoreTableViewController.m; sourceTree = "<group>"; };
		525FD63317CC726000BE7E07 /* pig.app */ = {isa = PBXFileReference; explicitFileType = wrapper.application; includeInIndex = 0; path = pig.app; sourceTree = BUILT_PRODUCTS_DIR; };
		525FD63617CC726000BE7E07 /* Foundation.framework */ = {isa = PBXFileReference; lastKnownFileType = wrapper.framework; name = Foundation.framework; path = System/Library/Frameworks/Foundation.framework; sourceTree = SDKROOT; };
		525FD63817CC726000BE7E07 /* CoreGraphics.framework */ = {isa = PBXFileReference; lastKnownFileType = wrapper.framework; name = CoreGraphics.framework; path = System/Library/Frameworks/CoreGraphics.framework; sourceTree = SDKROOT; };
		525FD63A17CC726000BE7E07 /* UIKit.framework */ = {isa = PBXFileReference; lastKnownFileType = wrapper.framework; name = UIKit.framework; path = System/Library/Frameworks/UIKit.framework; sourceTree = SDKROOT; };
		525FD63E17CC726000BE7E07 /* pig-Info.plist */ = {isa = PBXFileReference; lastKnownFileType = text.plist.xml; path = "pig-Info.plist"; sourceTree = "<group>"; };
		525FD64017CC726000BE7E07 /* en */ = {isa = PBXFileReference; lastKnownFileType = text.plist.strings; name = en; path = en.lproj/InfoPlist.strings; sourceTree = "<group>"; };
		525FD64217CC726000BE7E07 /* main.m */ = {isa = PBXFileReference; lastKnownFileType = sourcecode.c.objc; path = main.m; sourceTree = "<group>"; };
		525FD64417CC726000BE7E07 /* pig-Prefix.pch */ = {isa = PBXFileReference; lastKnownFileType = sourcecode.c.h; path = "pig-Prefix.pch"; sourceTree = "<group>"; };
		525FD64517CC726000BE7E07 /* PIGAppDelegate.h */ = {isa = PBXFileReference; lastKnownFileType = sourcecode.c.h; path = PIGAppDelegate.h; sourceTree = "<group>"; };
		525FD64617CC726000BE7E07 /* PIGAppDelegate.m */ = {isa = PBXFileReference; lastKnownFileType = sourcecode.c.objc; path = PIGAppDelegate.m; sourceTree = "<group>"; };
		525FD64917CC726000BE7E07 /* Base */ = {isa = PBXFileReference; lastKnownFileType = file.storyboard; name = Base; path = Base.lproj/Main.storyboard; sourceTree = "<group>"; };
		525FD64B17CC726000BE7E07 /* PIGViewController.h */ = {isa = PBXFileReference; lastKnownFileType = sourcecode.c.h; path = PIGViewController.h; sourceTree = "<group>"; };
		525FD64C17CC726000BE7E07 /* PIGViewController.m */ = {isa = PBXFileReference; lastKnownFileType = sourcecode.c.objc; path = PIGViewController.m; sourceTree = "<group>"; };
		525FD64E17CC726000BE7E07 /* Images.xcassets */ = {isa = PBXFileReference; lastKnownFileType = folder.assetcatalog; path = Images.xcassets; sourceTree = "<group>"; };
		525FD65417CC726000BE7E07 /* pigTests.xctest */ = {isa = PBXFileReference; explicitFileType = wrapper.cfbundle; includeInIndex = 0; path = pigTests.xctest; sourceTree = BUILT_PRODUCTS_DIR; };
		525FD65517CC726000BE7E07 /* XCTest.framework */ = {isa = PBXFileReference; lastKnownFileType = wrapper.framework; name = XCTest.framework; path = Library/Frameworks/XCTest.framework; sourceTree = DEVELOPER_DIR; };
		525FD65D17CC726000BE7E07 /* pigTests-Info.plist */ = {isa = PBXFileReference; lastKnownFileType = text.plist.xml; path = "pigTests-Info.plist"; sourceTree = "<group>"; };
		525FD65F17CC726000BE7E07 /* en */ = {isa = PBXFileReference; lastKnownFileType = text.plist.strings; name = en; path = en.lproj/InfoPlist.strings; sourceTree = "<group>"; };
		525FD66117CC726000BE7E07 /* pigTests.m */ = {isa = PBXFileReference; lastKnownFileType = sourcecode.c.objc; path = pigTests.m; sourceTree = "<group>"; };
		525FD68817CC887B00BE7E07 /* PIGHomeViewController.h */ = {isa = PBXFileReference; fileEncoding = 4; lastKnownFileType = sourcecode.c.h; path = PIGHomeViewController.h; sourceTree = "<group>"; };
		525FD68917CC887B00BE7E07 /* PIGHomeViewController.m */ = {isa = PBXFileReference; fileEncoding = 4; lastKnownFileType = sourcecode.c.objc; path = PIGHomeViewController.m; sourceTree = "<group>"; };
		525FD68F17CC908D00BE7E07 /* AudioToolbox.framework */ = {isa = PBXFileReference; lastKnownFileType = wrapper.framework; name = AudioToolbox.framework; path = System/Library/Frameworks/AudioToolbox.framework; sourceTree = SDKROOT; };
		52640E8F17E84AAD00A64624 /* PIGUpgradeViewController.h */ = {isa = PBXFileReference; fileEncoding = 4; lastKnownFileType = sourcecode.c.h; path = PIGUpgradeViewController.h; sourceTree = "<group>"; };
		52640E9017E84AAD00A64624 /* PIGUpgradeViewController.m */ = {isa = PBXFileReference; fileEncoding = 4; lastKnownFileType = sourcecode.c.objc; path = PIGUpgradeViewController.m; sourceTree = "<group>"; };
		52640E9217E984B600A64624 /* UINavigationController+PIGCustomNavigationController.h */ = {isa = PBXFileReference; fileEncoding = 4; lastKnownFileType = sourcecode.c.h; path = "UINavigationController+PIGCustomNavigationController.h"; sourceTree = "<group>"; };
		52640E9317E984B600A64624 /* UINavigationController+PIGCustomNavigationController.m */ = {isa = PBXFileReference; fileEncoding = 4; lastKnownFileType = sourcecode.c.objc; path = "UINavigationController+PIGCustomNavigationController.m"; sourceTree = "<group>"; };
		52640E9917E9AB4B00A64624 /* PIGMultiplayerCell.h */ = {isa = PBXFileReference; fileEncoding = 4; lastKnownFileType = sourcecode.c.h; path = PIGMultiplayerCell.h; sourceTree = "<group>"; };
		52640E9A17E9AB4B00A64624 /* PIGMultiplayerCell.m */ = {isa = PBXFileReference; fileEncoding = 4; lastKnownFileType = sourcecode.c.objc; path = PIGMultiplayerCell.m; sourceTree = "<group>"; };
		5280427817DA66070093C4AB /* GCHelper.h */ = {isa = PBXFileReference; fileEncoding = 4; lastKnownFileType = sourcecode.c.h; path = GCHelper.h; sourceTree = "<group>"; };
		5280427917DA66070093C4AB /* GCHelper.m */ = {isa = PBXFileReference; fileEncoding = 4; lastKnownFileType = sourcecode.c.objc; path = GCHelper.m; sourceTree = "<group>"; };
		5280427B17DA67B00093C4AB /* GameKit.framework */ = {isa = PBXFileReference; lastKnownFileType = wrapper.framework; name = GameKit.framework; path = System/Library/Frameworks/GameKit.framework; sourceTree = SDKROOT; };
		5280427E17DA94D10093C4AB /* PIGGameConstants.h */ = {isa = PBXFileReference; fileEncoding = 4; lastKnownFileType = sourcecode.c.h; path = PIGGameConstants.h; sourceTree = "<group>"; };
		5280427F17DA976E0093C4AB /* PIGGCHelper.h */ = {isa = PBXFileReference; fileEncoding = 4; lastKnownFileType = sourcecode.c.h; path = PIGGCHelper.h; sourceTree = "<group>"; };
		5280428017DA976E0093C4AB /* PIGGCHelper.m */ = {isa = PBXFileReference; fileEncoding = 4; lastKnownFileType = sourcecode.c.objc; path = PIGGCHelper.m; sourceTree = "<group>"; };
		52B3E2ED17E03C81009C72DC /* PIGMoreViewController.h */ = {isa = PBXFileReference; fileEncoding = 4; lastKnownFileType = sourcecode.c.h; path = PIGMoreViewController.h; sourceTree = "<group>"; };
		52B3E2EE17E03C81009C72DC /* PIGMoreViewController.m */ = {isa = PBXFileReference; fileEncoding = 4; lastKnownFileType = sourcecode.c.objc; path = PIGMoreViewController.m; sourceTree = "<group>"; };
		52D0CBF217E5201B003E46A2 /* PIGMultiplayerViewController.h */ = {isa = PBXFileReference; fileEncoding = 4; lastKnownFileType = sourcecode.c.h; path = PIGMultiplayerViewController.h; sourceTree = "<group>"; };
		52D0CBF317E5201B003E46A2 /* PIGMultiplayerViewController.m */ = {isa = PBXFileReference; fileEncoding = 4; lastKnownFileType = sourcecode.c.objc; path = PIGMultiplayerViewController.m; sourceTree = "<group>"; };
		52E4126017D00CF400F75335 /* IAPHelper.h */ = {isa = PBXFileReference; fileEncoding = 4; lastKnownFileType = sourcecode.c.h; path = IAPHelper.h; sourceTree = "<group>"; };
		52E4126117D00CF400F75335 /* IAPHelper.m */ = {isa = PBXFileReference; fileEncoding = 4; lastKnownFileType = sourcecode.c.objc; path = IAPHelper.m; sourceTree = "<group>"; };
		52E4126317D00D8700F75335 /* PIGIAPHelper.h */ = {isa = PBXFileReference; fileEncoding = 4; lastKnownFileType = sourcecode.c.h; path = PIGIAPHelper.h; sourceTree = "<group>"; };
		52E4126417D00D8700F75335 /* PIGIAPHelper.m */ = {isa = PBXFileReference; fileEncoding = 4; lastKnownFileType = sourcecode.c.objc; path = PIGIAPHelper.m; sourceTree = "<group>"; };
		52E4126617D00DC200F75335 /* StoreKit.framework */ = {isa = PBXFileReference; lastKnownFileType = wrapper.framework; name = StoreKit.framework; path = System/Library/Frameworks/StoreKit.framework; sourceTree = SDKROOT; };
		52E4126A17D0125E00F75335 /* Reachability.h */ = {isa = PBXFileReference; fileEncoding = 4; lastKnownFileType = sourcecode.c.h; path = Reachability.h; sourceTree = "<group>"; };
		52E4126B17D0125E00F75335 /* Reachability.m */ = {isa = PBXFileReference; fileEncoding = 4; lastKnownFileType = sourcecode.c.objc; path = Reachability.m; sourceTree = "<group>"; };
		52E4126D17D0132E00F75335 /* PIGRulesViewController.h */ = {isa = PBXFileReference; fileEncoding = 4; lastKnownFileType = sourcecode.c.h; path = PIGRulesViewController.h; sourceTree = "<group>"; };
		52E4126E17D0132E00F75335 /* PIGRulesViewController.m */ = {isa = PBXFileReference; fileEncoding = 4; lastKnownFileType = sourcecode.c.objc; path = PIGRulesViewController.m; sourceTree = "<group>"; };
		6A0863355B4FC6D6074AE36F /* Pods-pigTests.debug.xcconfig */ = {isa = PBXFileReference; includeInIndex = 1; lastKnownFileType = text.xcconfig; name = "Pods-pigTests.debug.xcconfig"; path = "Target Support Files/Pods-pigTests/Pods-pigTests.debug.xcconfig"; sourceTree = "<group>"; };
		802887CD27DA4D870A3FE602 /* libPods-pig.a */ = {isa = PBXFileReference; explicitFileType = archive.ar; includeInIndex = 0; path = "libPods-pig.a"; sourceTree = BUILT_PRODUCTS_DIR; };
		9B17A6E08DD19503ABD28DC5 /* libPods-pigTests.a */ = {isa = PBXFileReference; explicitFileType = archive.ar; includeInIndex = 0; path = "libPods-pigTests.a"; sourceTree = BUILT_PRODUCTS_DIR; };
		A0687A214974F1321C92D7DD /* Pods-pig.debug.xcconfig */ = {isa = PBXFileReference; includeInIndex = 1; lastKnownFileType = text.xcconfig; name = "Pods-pig.debug.xcconfig"; path = "Target Support Files/Pods-pig/Pods-pig.debug.xcconfig"; sourceTree = "<group>"; };
		B2F7403102004881C78F5B16 /* Pods-pigTests.release.xcconfig */ = {isa = PBXFileReference; includeInIndex = 1; lastKnownFileType = text.xcconfig; name = "Pods-pigTests.release.xcconfig"; path = "Target Support Files/Pods-pigTests/Pods-pigTests.release.xcconfig"; sourceTree = "<group>"; };
		D60CEFDC0F5AA5939E85AE49 /* Pods-pig.release.xcconfig */ = {isa = PBXFileReference; includeInIndex = 1; lastKnownFileType = text.xcconfig; name = "Pods-pig.release.xcconfig"; path = "Target Support Files/Pods-pig/Pods-pig.release.xcconfig"; sourceTree = "<group>"; };
/* End PBXFileReference section */

/* Begin PBXFrameworksBuildPhase section */
		525FD63017CC726000BE7E07 /* Frameworks */ = {
			isa = PBXFrameworksBuildPhase;
			buildActionMask = 2147483647;
			files = (
				521808871885DE62005881D5 /* AdSupport.framework in Frameworks */,
				521808851885DE58005881D5 /* SystemConfiguration.framework in Frameworks */,
				525FD69017CC908D00BE7E07 /* AudioToolbox.framework in Frameworks */,
				525FD63917CC726000BE7E07 /* CoreGraphics.framework in Frameworks */,
				5280427C17DA67B00093C4AB /* GameKit.framework in Frameworks */,
				525FD63B17CC726000BE7E07 /* UIKit.framework in Frameworks */,
				525FD63717CC726000BE7E07 /* Foundation.framework in Frameworks */,
				3E170DE8B54C46387AB47537 /* libPods-pig.a in Frameworks */,
			);
			runOnlyForDeploymentPostprocessing = 0;
		};
		525FD65117CC726000BE7E07 /* Frameworks */ = {
			isa = PBXFrameworksBuildPhase;
			buildActionMask = 2147483647;
			files = (
				525FD65617CC726000BE7E07 /* XCTest.framework in Frameworks */,
				525FD65817CC726000BE7E07 /* UIKit.framework in Frameworks */,
				525FD65717CC726000BE7E07 /* Foundation.framework in Frameworks */,
				EA59AB30ED4CB65118041AE2 /* libPods-pigTests.a in Frameworks */,
			);
			runOnlyForDeploymentPostprocessing = 0;
		};
/* End PBXFrameworksBuildPhase section */

/* Begin PBXGroup section */
		5223162A17D56E5A00F495E6 /* Categories */ = {
			isa = PBXGroup;
			children = (
				5223162B17D56E7A00F495E6 /* UIColor+PIGCustomColors.h */,
				5223162C17D56E7A00F495E6 /* UIColor+PIGCustomColors.m */,
				52640E9217E984B600A64624 /* UINavigationController+PIGCustomNavigationController.h */,
				52640E9317E984B600A64624 /* UINavigationController+PIGCustomNavigationController.m */,
			);
			name = Categories;
			sourceTree = "<group>";
		};
		525FD62A17CC726000BE7E07 = {
			isa = PBXGroup;
			children = (
				525FD63C17CC726000BE7E07 /* pig */,
				525FD65B17CC726000BE7E07 /* pigTests */,
				525FD63517CC726000BE7E07 /* Frameworks */,
				525FD63417CC726000BE7E07 /* Products */,
				54D785C3DA17A041C8D8F5B0 /* Pods */,
			);
			sourceTree = "<group>";
		};
		525FD63417CC726000BE7E07 /* Products */ = {
			isa = PBXGroup;
			children = (
				525FD63317CC726000BE7E07 /* pig.app */,
				525FD65417CC726000BE7E07 /* pigTests.xctest */,
			);
			name = Products;
			sourceTree = "<group>";
		};
		525FD63517CC726000BE7E07 /* Frameworks */ = {
			isa = PBXGroup;
			children = (
				1FC680BF231DAC6900F6F5F3 /* libc++.tbd */,
				1FC680BD231DAC5A00F6F5F3 /* libz.tbd */,
				1FC680BB231DAC4C00F6F5F3 /* libsqlite3.tbd */,
				521808861885DE62005881D5 /* AdSupport.framework */,
				521808841885DE58005881D5 /* SystemConfiguration.framework */,
				5280427B17DA67B00093C4AB /* GameKit.framework */,
				52E4126617D00DC200F75335 /* StoreKit.framework */,
				525FD68F17CC908D00BE7E07 /* AudioToolbox.framework */,
				525FD63617CC726000BE7E07 /* Foundation.framework */,
				525FD63817CC726000BE7E07 /* CoreGraphics.framework */,
				525FD63A17CC726000BE7E07 /* UIKit.framework */,
				525FD65517CC726000BE7E07 /* XCTest.framework */,
				802887CD27DA4D870A3FE602 /* libPods-pig.a */,
				9B17A6E08DD19503ABD28DC5 /* libPods-pigTests.a */,
			);
			name = Frameworks;
			sourceTree = "<group>";
		};
		525FD63C17CC726000BE7E07 /* pig */ = {
			isa = PBXGroup;
			children = (
				5280427D17DA94370093C4AB /* Constants */,
				5280427717DA65C70093C4AB /* Subclasses */,
				5223162A17D56E5A00F495E6 /* Categories */,
				52E4126817D0122300F75335 /* Externals */,
				52E4125F17D00CCF00F75335 /* Singletons */,
				525FD64517CC726000BE7E07 /* PIGAppDelegate.h */,
				525FD64617CC726000BE7E07 /* PIGAppDelegate.m */,
				525FD64817CC726000BE7E07 /* Main.storyboard */,
				525FD64B17CC726000BE7E07 /* PIGViewController.h */,
				525FD64C17CC726000BE7E07 /* PIGViewController.m */,
				525FD68817CC887B00BE7E07 /* PIGHomeViewController.h */,
				525FD68917CC887B00BE7E07 /* PIGHomeViewController.m */,
				52D0CBF217E5201B003E46A2 /* PIGMultiplayerViewController.h */,
				52D0CBF317E5201B003E46A2 /* PIGMultiplayerViewController.m */,
				52640E9917E9AB4B00A64624 /* PIGMultiplayerCell.h */,
				52640E9A17E9AB4B00A64624 /* PIGMultiplayerCell.m */,
				52B3E2ED17E03C81009C72DC /* PIGMoreViewController.h */,
				52B3E2EE17E03C81009C72DC /* PIGMoreViewController.m */,
				5245623917E0510E00F73533 /* PIGMoreTableViewController.h */,
				5245623A17E0510E00F73533 /* PIGMoreTableViewController.m */,
				52E4126D17D0132E00F75335 /* PIGRulesViewController.h */,
				52E4126E17D0132E00F75335 /* PIGRulesViewController.m */,
				52640E8F17E84AAD00A64624 /* PIGUpgradeViewController.h */,
				52640E9017E84AAD00A64624 /* PIGUpgradeViewController.m */,
				525FD64E17CC726000BE7E07 /* Images.xcassets */,
				525FD63D17CC726000BE7E07 /* Supporting Files */,
			);
			path = pig;
			sourceTree = "<group>";
		};
		525FD63D17CC726000BE7E07 /* Supporting Files */ = {
			isa = PBXGroup;
			children = (
				1FC680B9231DA0EF00F6F5F3 /* GoogleService-Info.plist */,
				525FD63E17CC726000BE7E07 /* pig-Info.plist */,
				525FD63F17CC726000BE7E07 /* InfoPlist.strings */,
				525FD64217CC726000BE7E07 /* main.m */,
				525FD64417CC726000BE7E07 /* pig-Prefix.pch */,
			);
			name = "Supporting Files";
			sourceTree = "<group>";
		};
		525FD65B17CC726000BE7E07 /* pigTests */ = {
			isa = PBXGroup;
			children = (
				525FD66117CC726000BE7E07 /* pigTests.m */,
				525FD65C17CC726000BE7E07 /* Supporting Files */,
			);
			path = pigTests;
			sourceTree = "<group>";
		};
		525FD65C17CC726000BE7E07 /* Supporting Files */ = {
			isa = PBXGroup;
			children = (
				525FD65D17CC726000BE7E07 /* pigTests-Info.plist */,
				525FD65E17CC726000BE7E07 /* InfoPlist.strings */,
			);
			name = "Supporting Files";
			sourceTree = "<group>";
		};
		5280427717DA65C70093C4AB /* Subclasses */ = {
			isa = PBXGroup;
			children = (
				5223162717D3BEF200F495E6 /* PIGMotionEffect.h */,
				5223162817D3BEF200F495E6 /* PIGMotionEffect.m */,
			);
			name = Subclasses;
			sourceTree = "<group>";
		};
		5280427D17DA94370093C4AB /* Constants */ = {
			isa = PBXGroup;
			children = (
				5280427E17DA94D10093C4AB /* PIGGameConstants.h */,
			);
			name = Constants;
			sourceTree = "<group>";
		};
		52E4125F17D00CCF00F75335 /* Singletons */ = {
			isa = PBXGroup;
			children = (
				52E4126017D00CF400F75335 /* IAPHelper.h */,
				52E4126117D00CF400F75335 /* IAPHelper.m */,
				52E4126317D00D8700F75335 /* PIGIAPHelper.h */,
				52E4126417D00D8700F75335 /* PIGIAPHelper.m */,
				5280427817DA66070093C4AB /* GCHelper.h */,
				5280427917DA66070093C4AB /* GCHelper.m */,
				5280427F17DA976E0093C4AB /* PIGGCHelper.h */,
				5280428017DA976E0093C4AB /* PIGGCHelper.m */,
			);
			name = Singletons;
			sourceTree = "<group>";
		};
		52E4126817D0122300F75335 /* Externals */ = {
			isa = PBXGroup;
			children = (
				52E4126917D0124000F75335 /* Reachability */,
			);
			name = Externals;
			sourceTree = "<group>";
		};
		52E4126917D0124000F75335 /* Reachability */ = {
			isa = PBXGroup;
			children = (
				52E4126A17D0125E00F75335 /* Reachability.h */,
				52E4126B17D0125E00F75335 /* Reachability.m */,
			);
			name = Reachability;
			sourceTree = "<group>";
		};
		54D785C3DA17A041C8D8F5B0 /* Pods */ = {
			isa = PBXGroup;
			children = (
				A0687A214974F1321C92D7DD /* Pods-pig.debug.xcconfig */,
				D60CEFDC0F5AA5939E85AE49 /* Pods-pig.release.xcconfig */,
				6A0863355B4FC6D6074AE36F /* Pods-pigTests.debug.xcconfig */,
				B2F7403102004881C78F5B16 /* Pods-pigTests.release.xcconfig */,
			);
			path = Pods;
			sourceTree = "<group>";
		};
/* End PBXGroup section */

/* Begin PBXNativeTarget section */
		525FD63217CC726000BE7E07 /* pig */ = {
			isa = PBXNativeTarget;
			buildConfigurationList = 525FD66517CC726000BE7E07 /* Build configuration list for PBXNativeTarget "pig" */;
			buildPhases = (
				04695712BF7CB3B701C378B9 /* [CP] Check Pods Manifest.lock */,
				525FD62F17CC726000BE7E07 /* Sources */,
				525FD63017CC726000BE7E07 /* Frameworks */,
				525FD63117CC726000BE7E07 /* Resources */,
				5209E37717EAEEE90081CED0 /* ShellScript */,
				1F4BFD79231DC0580029BD11 /* ShellScript */,
			);
			buildRules = (
			);
			dependencies = (
			);
			name = pig;
			productName = pig;
			productReference = 525FD63317CC726000BE7E07 /* pig.app */;
			productType = "com.apple.product-type.application";
		};
		525FD65317CC726000BE7E07 /* pigTests */ = {
			isa = PBXNativeTarget;
			buildConfigurationList = 525FD66817CC726000BE7E07 /* Build configuration list for PBXNativeTarget "pigTests" */;
			buildPhases = (
				88C3F48C3661C82B08B2AFE5 /* [CP] Check Pods Manifest.lock */,
				525FD65017CC726000BE7E07 /* Sources */,
				525FD65117CC726000BE7E07 /* Frameworks */,
				525FD65217CC726000BE7E07 /* Resources */,
			);
			buildRules = (
			);
			dependencies = (
				525FD65A17CC726000BE7E07 /* PBXTargetDependency */,
			);
			name = pigTests;
			productName = pigTests;
			productReference = 525FD65417CC726000BE7E07 /* pigTests.xctest */;
			productType = "com.apple.product-type.bundle.unit-test";
		};
/* End PBXNativeTarget section */

/* Begin PBXProject section */
		525FD62B17CC726000BE7E07 /* Project object */ = {
			isa = PBXProject;
			attributes = {
				CLASSPREFIX = PIG;
				LastUpgradeCheck = 1020;
				ORGANIZATIONNAME = bluelabellabs;
				TargetAttributes = {
					525FD63217CC726000BE7E07 = {
						DevelopmentTeam = 6NWNVVFK58;
						ProvisioningStyle = Automatic;
						SystemCapabilities = {
							com.apple.GameCenter = {
								enabled = 1;
							};
						};
					};
					525FD65317CC726000BE7E07 = {
						TestTargetID = 525FD63217CC726000BE7E07;
					};
				};
			};
			buildConfigurationList = 525FD62E17CC726000BE7E07 /* Build configuration list for PBXProject "pig" */;
			compatibilityVersion = "Xcode 3.2";
			developmentRegion = en;
			hasScannedForEncodings = 0;
			knownRegions = (
				en,
				Base,
			);
			mainGroup = 525FD62A17CC726000BE7E07;
			productRefGroup = 525FD63417CC726000BE7E07 /* Products */;
			projectDirPath = "";
			projectRoot = "";
			targets = (
				525FD63217CC726000BE7E07 /* pig */,
				525FD65317CC726000BE7E07 /* pigTests */,
			);
		};
/* End PBXProject section */

/* Begin PBXResourcesBuildPhase section */
		525FD63117CC726000BE7E07 /* Resources */ = {
			isa = PBXResourcesBuildPhase;
			buildActionMask = 2147483647;
			files = (
				525FD64F17CC726000BE7E07 /* Images.xcassets in Resources */,
				525FD64117CC726000BE7E07 /* InfoPlist.strings in Resources */,
				1FC680BA231DA0F000F6F5F3 /* GoogleService-Info.plist in Resources */,
				525FD64A17CC726000BE7E07 /* Main.storyboard in Resources */,
			);
			runOnlyForDeploymentPostprocessing = 0;
		};
		525FD65217CC726000BE7E07 /* Resources */ = {
			isa = PBXResourcesBuildPhase;
			buildActionMask = 2147483647;
			files = (
				525FD66017CC726000BE7E07 /* InfoPlist.strings in Resources */,
			);
			runOnlyForDeploymentPostprocessing = 0;
		};
/* End PBXResourcesBuildPhase section */

/* Begin PBXShellScriptBuildPhase section */
		04695712BF7CB3B701C378B9 /* [CP] Check Pods Manifest.lock */ = {
			isa = PBXShellScriptBuildPhase;
			buildActionMask = 2147483647;
			files = (
			);
			inputFileListPaths = (
			);
			inputPaths = (
				"${PODS_PODFILE_DIR_PATH}/Podfile.lock",
				"${PODS_ROOT}/Manifest.lock",
			);
			name = "[CP] Check Pods Manifest.lock";
			outputFileListPaths = (
			);
			outputPaths = (
				"$(DERIVED_FILE_DIR)/Pods-pig-checkManifestLockResult.txt",
			);
			runOnlyForDeploymentPostprocessing = 0;
			shellPath = /bin/sh;
			shellScript = "diff \"${PODS_PODFILE_DIR_PATH}/Podfile.lock\" \"${PODS_ROOT}/Manifest.lock\" > /dev/null\nif [ $? != 0 ] ; then\n    # print error to STDERR\n    echo \"error: The sandbox is not in sync with the Podfile.lock. Run 'pod install' or update your CocoaPods installation.\" >&2\n    exit 1\nfi\n# This output is used by Xcode 'outputs' to avoid re-running this script phase.\necho \"SUCCESS\" > \"${SCRIPT_OUTPUT_FILE_0}\"\n";
			showEnvVarsInLog = 0;
		};
		1F4BFD79231DC0580029BD11 /* ShellScript */ = {
			isa = PBXShellScriptBuildPhase;
			buildActionMask = 2147483647;
			files = (
			);
			inputFileListPaths = (
			);
			inputPaths = (
				"$(SRCROOT)/pig/pig-Info.plist",
			);
			outputFileListPaths = (
			);
			outputPaths = (
			);
			runOnlyForDeploymentPostprocessing = 0;
			shellPath = /bin/sh;
			shellScript = "\"${PODS_ROOT}/Fabric/run\"\n";
		};
		5209E37717EAEEE90081CED0 /* ShellScript */ = {
			isa = PBXShellScriptBuildPhase;
			buildActionMask = 12;
			files = (
			);
			inputPaths = (
			);
			outputPaths = (
			);
			runOnlyForDeploymentPostprocessing = 0;
			shellPath = /bin/sh;
			shellScript = "#!/bin/bash\n\nbuildPlist=${INFOPLIST_FILE}\nbuildNumber=$(/usr/libexec/PlistBuddy -c \"Print CFBundleVersion\" $buildPlist)\nbuildNumber=$(($buildNumber + 1))\n/usr/libexec/PlistBuddy -c \"Set :CFBundleVersion $buildNumber\" $buildPlist\n";
		};
		88C3F48C3661C82B08B2AFE5 /* [CP] Check Pods Manifest.lock */ = {
			isa = PBXShellScriptBuildPhase;
			buildActionMask = 2147483647;
			files = (
			);
			inputFileListPaths = (
			);
			inputPaths = (
				"${PODS_PODFILE_DIR_PATH}/Podfile.lock",
				"${PODS_ROOT}/Manifest.lock",
			);
			name = "[CP] Check Pods Manifest.lock";
			outputFileListPaths = (
			);
			outputPaths = (
				"$(DERIVED_FILE_DIR)/Pods-pigTests-checkManifestLockResult.txt",
			);
			runOnlyForDeploymentPostprocessing = 0;
			shellPath = /bin/sh;
			shellScript = "diff \"${PODS_PODFILE_DIR_PATH}/Podfile.lock\" \"${PODS_ROOT}/Manifest.lock\" > /dev/null\nif [ $? != 0 ] ; then\n    # print error to STDERR\n    echo \"error: The sandbox is not in sync with the Podfile.lock. Run 'pod install' or update your CocoaPods installation.\" >&2\n    exit 1\nfi\n# This output is used by Xcode 'outputs' to avoid re-running this script phase.\necho \"SUCCESS\" > \"${SCRIPT_OUTPUT_FILE_0}\"\n";
			showEnvVarsInLog = 0;
		};
/* End PBXShellScriptBuildPhase section */

/* Begin PBXSourcesBuildPhase section */
		525FD62F17CC726000BE7E07 /* Sources */ = {
			isa = PBXSourcesBuildPhase;
			buildActionMask = 2147483647;
			files = (
				52640E9417E984B600A64624 /* UINavigationController+PIGCustomNavigationController.m in Sources */,
				5223162D17D56E7A00F495E6 /* UIColor+PIGCustomColors.m in Sources */,
				525FD64317CC726000BE7E07 /* main.m in Sources */,
				52E4126F17D0132E00F75335 /* PIGRulesViewController.m in Sources */,
				525FD64717CC726000BE7E07 /* PIGAppDelegate.m in Sources */,
				52E4126C17D0125E00F75335 /* Reachability.m in Sources */,
				525FD68A17CC887B00BE7E07 /* PIGHomeViewController.m in Sources */,
				5280428117DA976E0093C4AB /* PIGGCHelper.m in Sources */,
				52E4126517D00D8700F75335 /* PIGIAPHelper.m in Sources */,
				5223162917D3BEF200F495E6 /* PIGMotionEffect.m in Sources */,
				52B3E2EF17E03C81009C72DC /* PIGMoreViewController.m in Sources */,
				52D0CBF417E5201B003E46A2 /* PIGMultiplayerViewController.m in Sources */,
				52E4126217D00CF400F75335 /* IAPHelper.m in Sources */,
				52640E9117E84AAD00A64624 /* PIGUpgradeViewController.m in Sources */,
				5245623B17E0510E00F73533 /* PIGMoreTableViewController.m in Sources */,
				52640E9B17E9AB4B00A64624 /* PIGMultiplayerCell.m in Sources */,
				525FD64D17CC726000BE7E07 /* PIGViewController.m in Sources */,
				5280427A17DA66070093C4AB /* GCHelper.m in Sources */,
			);
			runOnlyForDeploymentPostprocessing = 0;
		};
		525FD65017CC726000BE7E07 /* Sources */ = {
			isa = PBXSourcesBuildPhase;
			buildActionMask = 2147483647;
			files = (
				525FD66217CC726000BE7E07 /* pigTests.m in Sources */,
			);
			runOnlyForDeploymentPostprocessing = 0;
		};
/* End PBXSourcesBuildPhase section */

/* Begin PBXTargetDependency section */
		525FD65A17CC726000BE7E07 /* PBXTargetDependency */ = {
			isa = PBXTargetDependency;
			target = 525FD63217CC726000BE7E07 /* pig */;
			targetProxy = 525FD65917CC726000BE7E07 /* PBXContainerItemProxy */;
		};
/* End PBXTargetDependency section */

/* Begin PBXVariantGroup section */
		525FD63F17CC726000BE7E07 /* InfoPlist.strings */ = {
			isa = PBXVariantGroup;
			children = (
				525FD64017CC726000BE7E07 /* en */,
			);
			name = InfoPlist.strings;
			sourceTree = "<group>";
		};
		525FD64817CC726000BE7E07 /* Main.storyboard */ = {
			isa = PBXVariantGroup;
			children = (
				525FD64917CC726000BE7E07 /* Base */,
			);
			name = Main.storyboard;
			sourceTree = "<group>";
		};
		525FD65E17CC726000BE7E07 /* InfoPlist.strings */ = {
			isa = PBXVariantGroup;
			children = (
				525FD65F17CC726000BE7E07 /* en */,
			);
			name = InfoPlist.strings;
			sourceTree = "<group>";
		};
/* End PBXVariantGroup section */

/* Begin XCBuildConfiguration section */
		525FD66317CC726000BE7E07 /* Debug */ = {
			isa = XCBuildConfiguration;
			buildSettings = {
				ALWAYS_SEARCH_USER_PATHS = NO;
				CLANG_CXX_LANGUAGE_STANDARD = "gnu++0x";
				CLANG_CXX_LIBRARY = "libc++";
				CLANG_ENABLE_MODULES = YES;
				CLANG_ENABLE_OBJC_ARC = YES;
				CLANG_WARN_BLOCK_CAPTURE_AUTORELEASING = YES;
				CLANG_WARN_BOOL_CONVERSION = YES;
				CLANG_WARN_COMMA = YES;
				CLANG_WARN_CONSTANT_CONVERSION = YES;
				CLANG_WARN_DEPRECATED_OBJC_IMPLEMENTATIONS = YES;
				CLANG_WARN_DIRECT_OBJC_ISA_USAGE = YES_ERROR;
				CLANG_WARN_EMPTY_BODY = YES;
				CLANG_WARN_ENUM_CONVERSION = YES;
				CLANG_WARN_INFINITE_RECURSION = YES;
				CLANG_WARN_INT_CONVERSION = YES;
				CLANG_WARN_NON_LITERAL_NULL_CONVERSION = YES;
				CLANG_WARN_OBJC_IMPLICIT_RETAIN_SELF = YES;
				CLANG_WARN_OBJC_LITERAL_CONVERSION = YES;
				CLANG_WARN_OBJC_ROOT_CLASS = YES_ERROR;
				CLANG_WARN_RANGE_LOOP_ANALYSIS = YES;
				CLANG_WARN_STRICT_PROTOTYPES = YES;
				CLANG_WARN_SUSPICIOUS_MOVE = YES;
				CLANG_WARN_UNREACHABLE_CODE = YES;
				CLANG_WARN__DUPLICATE_METHOD_MATCH = YES;
				"CODE_SIGN_IDENTITY[sdk=iphoneos*]" = "iPhone Developer: Jordan Gurrieri (3U758YF3ZS)";
				COPY_PHASE_STRIP = NO;
				ENABLE_STRICT_OBJC_MSGSEND = YES;
				ENABLE_TESTABILITY = YES;
				GCC_C_LANGUAGE_STANDARD = gnu99;
				GCC_DYNAMIC_NO_PIC = NO;
				GCC_NO_COMMON_BLOCKS = YES;
				GCC_OPTIMIZATION_LEVEL = 0;
				GCC_PREPROCESSOR_DEFINITIONS = (
					"DEBUG=1",
					"$(inherited)",
				);
				GCC_SYMBOLS_PRIVATE_EXTERN = NO;
				GCC_WARN_64_TO_32_BIT_CONVERSION = YES;
				GCC_WARN_ABOUT_RETURN_TYPE = YES_ERROR;
				GCC_WARN_UNDECLARED_SELECTOR = YES;
				GCC_WARN_UNINITIALIZED_AUTOS = YES;
				GCC_WARN_UNUSED_FUNCTION = YES;
				GCC_WARN_UNUSED_VARIABLE = YES;
				IPHONEOS_DEPLOYMENT_TARGET = 8.0;
				ONLY_ACTIVE_ARCH = YES;
				PROVISIONING_PROFILE = "1B8EEC7F-342D-4C53-82AE-3DF5906D0901";
				SDKROOT = iphoneos;
			};
			name = Debug;
		};
		525FD66417CC726000BE7E07 /* Release */ = {
			isa = XCBuildConfiguration;
			buildSettings = {
				ALWAYS_SEARCH_USER_PATHS = NO;
				CLANG_CXX_LANGUAGE_STANDARD = "gnu++0x";
				CLANG_CXX_LIBRARY = "libc++";
				CLANG_ENABLE_MODULES = YES;
				CLANG_ENABLE_OBJC_ARC = YES;
				CLANG_WARN_BLOCK_CAPTURE_AUTORELEASING = YES;
				CLANG_WARN_BOOL_CONVERSION = YES;
				CLANG_WARN_COMMA = YES;
				CLANG_WARN_CONSTANT_CONVERSION = YES;
				CLANG_WARN_DEPRECATED_OBJC_IMPLEMENTATIONS = YES;
				CLANG_WARN_DIRECT_OBJC_ISA_USAGE = YES_ERROR;
				CLANG_WARN_EMPTY_BODY = YES;
				CLANG_WARN_ENUM_CONVERSION = YES;
				CLANG_WARN_INFINITE_RECURSION = YES;
				CLANG_WARN_INT_CONVERSION = YES;
				CLANG_WARN_NON_LITERAL_NULL_CONVERSION = YES;
				CLANG_WARN_OBJC_IMPLICIT_RETAIN_SELF = YES;
				CLANG_WARN_OBJC_LITERAL_CONVERSION = YES;
				CLANG_WARN_OBJC_ROOT_CLASS = YES_ERROR;
				CLANG_WARN_RANGE_LOOP_ANALYSIS = YES;
				CLANG_WARN_STRICT_PROTOTYPES = YES;
				CLANG_WARN_SUSPICIOUS_MOVE = YES;
				CLANG_WARN_UNREACHABLE_CODE = YES;
				CLANG_WARN__DUPLICATE_METHOD_MATCH = YES;
				"CODE_SIGN_IDENTITY[sdk=iphoneos*]" = "iPhone Distribution: Blue Label Solutions LLC";
				COPY_PHASE_STRIP = YES;
				ENABLE_NS_ASSERTIONS = NO;
				ENABLE_STRICT_OBJC_MSGSEND = YES;
				GCC_C_LANGUAGE_STANDARD = gnu99;
				GCC_NO_COMMON_BLOCKS = YES;
				GCC_WARN_64_TO_32_BIT_CONVERSION = YES;
				GCC_WARN_ABOUT_RETURN_TYPE = YES_ERROR;
				GCC_WARN_UNDECLARED_SELECTOR = YES;
				GCC_WARN_UNINITIALIZED_AUTOS = YES;
				GCC_WARN_UNUSED_FUNCTION = YES;
				GCC_WARN_UNUSED_VARIABLE = YES;
				IPHONEOS_DEPLOYMENT_TARGET = 8.0;
				PROVISIONING_PROFILE = "418165CB-593C-4672-8350-5CEF68E6BDB4";
				SDKROOT = iphoneos;
				VALIDATE_PRODUCT = YES;
			};
			name = Release;
		};
		525FD66617CC726000BE7E07 /* Debug */ = {
			isa = XCBuildConfiguration;
			baseConfigurationReference = A0687A214974F1321C92D7DD /* Pods-pig.debug.xcconfig */;
			buildSettings = {
				ASSETCATALOG_COMPILER_APPICON_NAME = AppIcon;
				ASSETCATALOG_COMPILER_LAUNCHIMAGE_NAME = LaunchImage;
				CODE_SIGN_IDENTITY = "iPhone Developer";
				"CODE_SIGN_IDENTITY[sdk=iphoneos*]" = "iPhone Developer";
				CODE_SIGN_STYLE = Automatic;
				DEBUG_INFORMATION_FORMAT = "dwarf-with-dsym";
				DEVELOPMENT_TEAM = 6NWNVVFK58;
				FRAMEWORK_SEARCH_PATHS = "$(inherited)";
				GCC_PRECOMPILE_PREFIX_HEADER = YES;
				GCC_PREFIX_HEADER = "pig/pig-Prefix.pch";
				INFOPLIST_FILE = "pig/pig-Info.plist";
				IPHONEOS_DEPLOYMENT_TARGET = 11.0;
				LIBRARY_SEARCH_PATHS = "$(inherited)";
				MARKETING_VERSION = 1.0.6;
				OTHER_LDFLAGS = "$(inherited)";
				PRODUCT_BUNDLE_IDENTIFIER = "com.bluelabellabs.${PRODUCT_NAME:rfc1034identifier}";
				PRODUCT_NAME = "$(TARGET_NAME)";
				PROVISIONING_PROFILE = "";
				PROVISIONING_PROFILE_SPECIFIER = "";
				WRAPPER_EXTENSION = app;
			};
			name = Debug;
		};
		525FD66717CC726000BE7E07 /* Release */ = {
			isa = XCBuildConfiguration;
			baseConfigurationReference = D60CEFDC0F5AA5939E85AE49 /* Pods-pig.release.xcconfig */;
			buildSettings = {
				ASSETCATALOG_COMPILER_APPICON_NAME = AppIcon;
				ASSETCATALOG_COMPILER_LAUNCHIMAGE_NAME = LaunchImage;
				CODE_SIGN_IDENTITY = "iPhone Developer";
				"CODE_SIGN_IDENTITY[sdk=iphoneos*]" = "iPhone Developer";
				CODE_SIGN_STYLE = Automatic;
				DEBUG_INFORMATION_FORMAT = "dwarf-with-dsym";
				DEVELOPMENT_TEAM = 6NWNVVFK58;
				FRAMEWORK_SEARCH_PATHS = "$(inherited)";
				GCC_PRECOMPILE_PREFIX_HEADER = YES;
				GCC_PREFIX_HEADER = "pig/pig-Prefix.pch";
				INFOPLIST_FILE = "pig/pig-Info.plist";
				IPHONEOS_DEPLOYMENT_TARGET = 11.0;
				LIBRARY_SEARCH_PATHS = "$(inherited)";
				MARKETING_VERSION = 1.0.6;
				OTHER_LDFLAGS = "$(inherited)";
				PRODUCT_BUNDLE_IDENTIFIER = "com.bluelabellabs.${PRODUCT_NAME:rfc1034identifier}";
				PRODUCT_NAME = "$(TARGET_NAME)";
				PROVISIONING_PROFILE = "";
				PROVISIONING_PROFILE_SPECIFIER = "";
				WRAPPER_EXTENSION = app;
			};
			name = Release;
		};
		525FD66917CC726000BE7E07 /* Debug */ = {
			isa = XCBuildConfiguration;
			baseConfigurationReference = 6A0863355B4FC6D6074AE36F /* Pods-pigTests.debug.xcconfig */;
			buildSettings = {
				BUNDLE_LOADER = "$(BUILT_PRODUCTS_DIR)/pig.app/pig";
				FRAMEWORK_SEARCH_PATHS = (
					"$(SDKROOT)/Developer/Library/Frameworks",
					"$(inherited)",
					"$(DEVELOPER_FRAMEWORKS_DIR)",
				);
				GCC_PRECOMPILE_PREFIX_HEADER = YES;
				GCC_PREFIX_HEADER = "pig/pig-Prefix.pch";
				GCC_PREPROCESSOR_DEFINITIONS = (
					"DEBUG=1",
					"$(inherited)",
				);
				INFOPLIST_FILE = "pigTests/pigTests-Info.plist";
				PRODUCT_BUNDLE_IDENTIFIER = "com.bluelabellabs.${PRODUCT_NAME:rfc1034identifier}";
				PRODUCT_NAME = "$(TARGET_NAME)";
				TEST_HOST = "$(BUNDLE_LOADER)";
				WRAPPER_EXTENSION = xctest;
			};
			name = Debug;
		};
		525FD66A17CC726000BE7E07 /* Release */ = {
			isa = XCBuildConfiguration;
			baseConfigurationReference = B2F7403102004881C78F5B16 /* Pods-pigTests.release.xcconfig */;
			buildSettings = {
				BUNDLE_LOADER = "$(BUILT_PRODUCTS_DIR)/pig.app/pig";
				FRAMEWORK_SEARCH_PATHS = (
					"$(SDKROOT)/Developer/Library/Frameworks",
					"$(inherited)",
					"$(DEVELOPER_FRAMEWORKS_DIR)",
				);
				GCC_PRECOMPILE_PREFIX_HEADER = YES;
				GCC_PREFIX_HEADER = "pig/pig-Prefix.pch";
				INFOPLIST_FILE = "pigTests/pigTests-Info.plist";
				PRODUCT_BUNDLE_IDENTIFIER = "com.bluelabellabs.${PRODUCT_NAME:rfc1034identifier}";
				PRODUCT_NAME = "$(TARGET_NAME)";
				TEST_HOST = "$(BUNDLE_LOADER)";
				WRAPPER_EXTENSION = xctest;
			};
			name = Release;
		};
/* End XCBuildConfiguration section */

/* Begin XCConfigurationList section */
		525FD62E17CC726000BE7E07 /* Build configuration list for PBXProject "pig" */ = {
			isa = XCConfigurationList;
			buildConfigurations = (
				525FD66317CC726000BE7E07 /* Debug */,
				525FD66417CC726000BE7E07 /* Release */,
			);
			defaultConfigurationIsVisible = 0;
			defaultConfigurationName = Release;
		};
		525FD66517CC726000BE7E07 /* Build configuration list for PBXNativeTarget "pig" */ = {
			isa = XCConfigurationList;
			buildConfigurations = (
				525FD66617CC726000BE7E07 /* Debug */,
				525FD66717CC726000BE7E07 /* Release */,
			);
			defaultConfigurationIsVisible = 0;
			defaultConfigurationName = Release;
		};
		525FD66817CC726000BE7E07 /* Build configuration list for PBXNativeTarget "pigTests" */ = {
			isa = XCConfigurationList;
			buildConfigurations = (
				525FD66917CC726000BE7E07 /* Debug */,
				525FD66A17CC726000BE7E07 /* Release */,
			);
			defaultConfigurationIsVisible = 0;
			defaultConfigurationName = Release;
		};
/* End XCConfigurationList section */
	};
	rootObject = 525FD62B17CC726000BE7E07 /* Project object */;
}
